
Microsoft Visual Studio Solution File, Format Version 12.00
# Visual Studio Version 17
VisualStudioVersion = 17.5.33424.131
MinimumVisualStudioVersion = 10.0.40219.1
Project("{FAE04EC0-301F-11D3-BF4B-00C04F79EFBC}") = "Solution.PackageReferences", "Solution.PackageReferences\Solution.PackageReferences.csproj", "{C8616BA9-5B46-449C-9FB8-2DB6CA36C784}"
EndProject
Project("{FAE04EC0-301F-11D3-BF4B-00C04F79EFBC}") = "Lesson18_Shadow_Property", "Lesson18_Shadow_Property\Lesson18_Shadow_Property.csproj", "{FFE16F1C-1BCB-4AAC-A065-B2A7DA67395A}"
EndProject
Project("{FAE04EC0-301F-11D3-BF4B-00C04F79EFBC}") = "Lesson19_EFCore_Configurations", "Lesson19_EFCore_Configurations\Lesson19_EFCore_Configurations.csproj", "{DAD677DF-DFBA-49AA-8582-173CF306E905}"
EndProject
Project("{FAE04EC0-301F-11D3-BF4B-00C04F79EFBC}") = "Lesson20_Generated_Values", "Lesson20_Generated_Values\Lesson20_Generated_Values.csproj", "{5FDEA66C-A45C-400C-9CDE-01DFAABB304B}"
EndProject
Global
	GlobalSection(SolutionConfigurationPlatforms) = preSolution
		Debug|Any CPU = Debug|Any CPU
		Release|Any CPU = Release|Any CPU
	EndGlobalSection
	GlobalSection(ProjectConfigurationPlatforms) = postSolution
		{C8616BA9-5B46-449C-9FB8-2DB6CA36C784}.Debug|Any CPU.ActiveCfg = Debug|Any CPU
		{C8616BA9-5B46-449C-9FB8-2DB6CA36C784}.Debug|Any CPU.Build.0 = Debug|Any CPU
		{C8616BA9-5B46-449C-9FB8-2DB6CA36C784}.Release|Any CPU.ActiveCfg = Release|Any CPU
		{C8616BA9-5B46-449C-9FB8-2DB6CA36C784}.Release|Any CPU.Build.0 = Release|Any CPU
		{FFE16F1C-1BCB-4AAC-A065-B2A7DA67395A}.Debug|Any CPU.ActiveCfg = Debug|Any CPU
		{FFE16F1C-1BCB-4AAC-A065-B2A7DA67395A}.Debug|Any CPU.Build.0 = Debug|Any CPU
		{FFE16F1C-1BCB-4AAC-A065-B2A7DA67395A}.Release|Any CPU.ActiveCfg = Release|Any CPU
		{FFE16F1C-1BCB-4AAC-A065-B2A7DA67395A}.Release|Any CPU.Build.0 = Release|Any CPU
		{DAD677DF-DFBA-49AA-8582-173CF306E905}.Debug|Any CPU.ActiveCfg = Debug|Any CPU
		{DAD677DF-DFBA-49AA-8582-173CF306E905}.Debug|Any CPU.Build.0 = Debug|Any CPU
		{DAD677DF-DFBA-49AA-8582-173CF306E905}.Release|Any CPU.ActiveCfg = Release|Any CPU
		{DAD677DF-DFBA-49AA-8582-173CF306E905}.Release|Any CPU.Build.0 = Release|Any CPU
		{5FDEA66C-A45C-400C-9CDE-01DFAABB304B}.Debug|Any CPU.ActiveCfg = Debug|Any CPU
		{5FDEA66C-A45C-400C-9CDE-01DFAABB304B}.Debug|Any CPU.Build.0 = Debug|Any CPU
		{5FDEA66C-A45C-400C-9CDE-01DFAABB304B}.Release|Any CPU.ActiveCfg = Release|Any CPU
		{5FDEA66C-A45C-400C-9CDE-01DFAABB304B}.Release|Any CPU.Build.0 = Release|Any CPU
	EndGlobalSection
	GlobalSection(SolutionProperties) = preSolution
		HideSolutionNode = FALSE
	EndGlobalSection
	GlobalSection(ExtensibilityGlobals) = postSolution
		SolutionGuid = {FB688A65-3BCD-48D6-8F5C-32D38F8C2F79}
	EndGlobalSection
EndGlobal
